// !$*UTF8*$!
{
	archiveVersion = 1;
	classes = {
	};
	objectVersion = 48;
	objects = {

/* Begin PBXBuildFile section */
		04B44B17513428BF4C6CBE59 /* Pods_VTalk.framework in Frameworks */ = {isa = PBXBuildFile; fileRef = 85D6FE2567487EDBD104EE02 /* Pods_VTalk.framework */; };
		0AFAED321FFE05380036689B /* AppDelegate.swift in Sources */ = {isa = PBXBuildFile; fileRef = 0AFAED311FFE05380036689B /* AppDelegate.swift */; };
		0AFAED341FFE05380036689B /* ViewController.swift in Sources */ = {isa = PBXBuildFile; fileRef = 0AFAED331FFE05380036689B /* ViewController.swift */; };
		0AFAED371FFE05380036689B /* Main.storyboard in Resources */ = {isa = PBXBuildFile; fileRef = 0AFAED351FFE05380036689B /* Main.storyboard */; };
		0AFAED391FFE05380036689B /* Assets.xcassets in Resources */ = {isa = PBXBuildFile; fileRef = 0AFAED381FFE05380036689B /* Assets.xcassets */; };
		0AFAED3C1FFE05380036689B /* LaunchScreen.storyboard in Resources */ = {isa = PBXBuildFile; fileRef = 0AFAED3A1FFE05380036689B /* LaunchScreen.storyboard */; };
		0AFAED441FFE06880036689B /* GoogleService-Info.plist in Resources */ = {isa = PBXBuildFile; fileRef = 0AFAED431FFE06880036689B /* GoogleService-Info.plist */; };
		0AFAED461FFE12840036689B /* RemoteConfigDefaults.plist in Resources */ = {isa = PBXBuildFile; fileRef = 0AFAED451FFE12840036689B /* RemoteConfigDefaults.plist */; };
		0AFAED481FFE16720036689B /* LoginViewController.swift in Sources */ = {isa = PBXBuildFile; fileRef = 0AFAED471FFE16720036689B /* LoginViewController.swift */; };
		0AFAED4A1FFEAA470036689B /* SignupViewController.swift in Sources */ = {isa = PBXBuildFile; fileRef = 0AFAED491FFEAA470036689B /* SignupViewController.swift */; };
/* End PBXBuildFile section */

/* Begin PBXFileReference section */
		01502F4EEBF11859B7F28F83 /* Pods-VTalk.debug.xcconfig */ = {isa = PBXFileReference; includeInIndex = 1; lastKnownFileType = text.xcconfig; name = "Pods-VTalk.debug.xcconfig"; path = "Pods/Target Support Files/Pods-VTalk/Pods-VTalk.debug.xcconfig"; sourceTree = "<group>"; };
		0AFAED2E1FFE05380036689B /* VTalk.app */ = {isa = PBXFileReference; explicitFileType = wrapper.application; includeInIndex = 0; path = VTalk.app; sourceTree = BUILT_PRODUCTS_DIR; };
		0AFAED311FFE05380036689B /* AppDelegate.swift */ = {isa = PBXFileReference; lastKnownFileType = sourcecode.swift; path = AppDelegate.swift; sourceTree = "<group>"; };
		0AFAED331FFE05380036689B /* ViewController.swift */ = {isa = PBXFileReference; lastKnownFileType = sourcecode.swift; path = ViewController.swift; sourceTree = "<group>"; };
		0AFAED361FFE05380036689B /* Base */ = {isa = PBXFileReference; lastKnownFileType = file.storyboard; name = Base; path = Base.lproj/Main.storyboard; sourceTree = "<group>"; };
		0AFAED381FFE05380036689B /* Assets.xcassets */ = {isa = PBXFileReference; lastKnownFileType = folder.assetcatalog; path = Assets.xcassets; sourceTree = "<group>"; };
		0AFAED3B1FFE05380036689B /* Base */ = {isa = PBXFileReference; lastKnownFileType = file.storyboard; name = Base; path = Base.lproj/LaunchScreen.storyboard; sourceTree = "<group>"; };
		0AFAED3D1FFE05380036689B /* Info.plist */ = {isa = PBXFileReference; lastKnownFileType = text.plist.xml; path = Info.plist; sourceTree = "<group>"; };
		0AFAED431FFE06880036689B /* GoogleService-Info.plist */ = {isa = PBXFileReference; fileEncoding = 4; lastKnownFileType = text.plist.xml; name = "GoogleService-Info.plist"; path = "../../GoogleService-Info.plist"; sourceTree = "<group>"; };
		0AFAED451FFE12840036689B /* RemoteConfigDefaults.plist */ = {isa = PBXFileReference; lastKnownFileType = text.plist.xml; path = RemoteConfigDefaults.plist; sourceTree = "<group>"; };
		0AFAED471FFE16720036689B /* LoginViewController.swift */ = {isa = PBXFileReference; lastKnownFileType = sourcecode.swift; path = LoginViewController.swift; sourceTree = "<group>"; };
		0AFAED491FFEAA470036689B /* SignupViewController.swift */ = {isa = PBXFileReference; lastKnownFileType = sourcecode.swift; path = SignupViewController.swift; sourceTree = "<group>"; };
		85D6FE2567487EDBD104EE02 /* Pods_VTalk.framework */ = {isa = PBXFileReference; explicitFileType = wrapper.framework; includeInIndex = 0; path = Pods_VTalk.framework; sourceTree = BUILT_PRODUCTS_DIR; };
		AB3B16EB0EF9F6B51B082116 /* Pods-VTalk.release.xcconfig */ = {isa = PBXFileReference; includeInIndex = 1; lastKnownFileType = text.xcconfig; name = "Pods-VTalk.release.xcconfig"; path = "Pods/Target Support Files/Pods-VTalk/Pods-VTalk.release.xcconfig"; sourceTree = "<group>"; };
/* End PBXFileReference section */

/* Begin PBXFrameworksBuildPhase section */
		0AFAED2B1FFE05380036689B /* Frameworks */ = {
			isa = PBXFrameworksBuildPhase;
			buildActionMask = 2147483647;
			files = (
				04B44B17513428BF4C6CBE59 /* Pods_VTalk.framework in Frameworks */,
			);
			runOnlyForDeploymentPostprocessing = 0;
		};
/* End PBXFrameworksBuildPhase section */

/* Begin PBXGroup section */
		0AFAED251FFE05380036689B = {
			isa = PBXGroup;
			children = (
				0AFAED301FFE05380036689B /* VTalk */,
				0AFAED2F1FFE05380036689B /* Products */,
				8D63DD87107E2F1F69C36EDE /* Pods */,
				9C259D0225955BBE8346FF8F /* Frameworks */,
			);
			sourceTree = "<group>";
		};
		0AFAED2F1FFE05380036689B /* Products */ = {
			isa = PBXGroup;
			children = (
				0AFAED2E1FFE05380036689B /* VTalk.app */,
			);
			name = Products;
			sourceTree = "<group>";
		};
		0AFAED301FFE05380036689B /* VTalk */ = {
			isa = PBXGroup;
			children = (
				0AFAED431FFE06880036689B /* GoogleService-Info.plist */,
				0AFAED311FFE05380036689B /* AppDelegate.swift */,
				0AFAED331FFE05380036689B /* ViewController.swift */,
				0AFAED351FFE05380036689B /* Main.storyboard */,
				0AFAED381FFE05380036689B /* Assets.xcassets */,
				0AFAED3A1FFE05380036689B /* LaunchScreen.storyboard */,
				0AFAED3D1FFE05380036689B /* Info.plist */,
				0AFAED451FFE12840036689B /* RemoteConfigDefaults.plist */,
				0AFAED471FFE16720036689B /* LoginViewController.swift */,
				0AFAED491FFEAA470036689B /* SignupViewController.swift */,
			);
			path = VTalk;
			sourceTree = "<group>";
		};
		8D63DD87107E2F1F69C36EDE /* Pods */ = {
			isa = PBXGroup;
			children = (
				01502F4EEBF11859B7F28F83 /* Pods-VTalk.debug.xcconfig */,
				AB3B16EB0EF9F6B51B082116 /* Pods-VTalk.release.xcconfig */,
			);
			name = Pods;
			sourceTree = "<group>";
		};
		9C259D0225955BBE8346FF8F /* Frameworks */ = {
			isa = PBXGroup;
			children = (
				85D6FE2567487EDBD104EE02 /* Pods_VTalk.framework */,
			);
			name = Frameworks;
			sourceTree = "<group>";
		};
/* End PBXGroup section */

/* Begin PBXNativeTarget section */
		0AFAED2D1FFE05380036689B /* VTalk */ = {
			isa = PBXNativeTarget;
			buildConfigurationList = 0AFAED401FFE05380036689B /* Build configuration list for PBXNativeTarget "VTalk" */;
			buildPhases = (
				B79F2E0AAC3E38D14B414E5F /* [CP] Check Pods Manifest.lock */,
				0AFAED2A1FFE05380036689B /* Sources */,
				0AFAED2B1FFE05380036689B /* Frameworks */,
				0AFAED2C1FFE05380036689B /* Resources */,
				FD9AB5B093458A1F2584ADE4 /* [CP] Embed Pods Frameworks */,
				46A738431AD789DF1C14F68C /* [CP] Copy Pods Resources */,
			);
			buildRules = (
			);
			dependencies = (
			);
			name = VTalk;
			productName = VTalk;
			productReference = 0AFAED2E1FFE05380036689B /* VTalk.app */;
			productType = "com.apple.product-type.application";
		};
/* End PBXNativeTarget section */

/* Begin PBXProject section */
		0AFAED261FFE05380036689B /* Project object */ = {
			isa = PBXProject;
			attributes = {
				LastSwiftUpdateCheck = 0920;
				LastUpgradeCheck = 0920;
				ORGANIZATIONNAME = com.stanleypark;
				TargetAttributes = {
					0AFAED2D1FFE05380036689B = {
						CreatedOnToolsVersion = 9.2;
						ProvisioningStyle = Automatic;
					};
				};
			};
			buildConfigurationList = 0AFAED291FFE05380036689B /* Build configuration list for PBXProject "VTalk" */;
			compatibilityVersion = "Xcode 8.0";
			developmentRegion = en;
			hasScannedForEncodings = 0;
			knownRegions = (
				en,
				Base,
			);
			mainGroup = 0AFAED251FFE05380036689B;
			productRefGroup = 0AFAED2F1FFE05380036689B /* Products */;
			projectDirPath = "";
			projectRoot = "";
			targets = (
				0AFAED2D1FFE05380036689B /* VTalk */,
			);
		};
/* End PBXProject section */

/* Begin PBXResourcesBuildPhase section */
		0AFAED2C1FFE05380036689B /* Resources */ = {
			isa = PBXResourcesBuildPhase;
			buildActionMask = 2147483647;
			files = (
				0AFAED3C1FFE05380036689B /* LaunchScreen.storyboard in Resources */,
				0AFAED461FFE12840036689B /* RemoteConfigDefaults.plist in Resources */,
				0AFAED441FFE06880036689B /* GoogleService-Info.plist in Resources */,
				0AFAED391FFE05380036689B /* Assets.xcassets in Resources */,
				0AFAED371FFE05380036689B /* Main.storyboard in Resources */,
			);
			runOnlyForDeploymentPostprocessing = 0;
		};
/* End PBXResourcesBuildPhase section */

/* Begin PBXShellScriptBuildPhase section */
		46A738431AD789DF1C14F68C /* [CP] Copy Pods Resources */ = {
			isa = PBXShellScriptBuildPhase;
			buildActionMask = 2147483647;
			files = (
			);
			inputPaths = (
			);
			name = "[CP] Copy Pods Resources";
			outputPaths = (
			);
			runOnlyForDeploymentPostprocessing = 0;
			shellPath = /bin/sh;
			shellScript = "\"${SRCROOT}/Pods/Target Support Files/Pods-VTalk/Pods-VTalk-resources.sh\"\n";
			showEnvVarsInLog = 0;
		};
		B79F2E0AAC3E38D14B414E5F /* [CP] Check Pods Manifest.lock */ = {
			isa = PBXShellScriptBuildPhase;
			buildActionMask = 2147483647;
			files = (
			);
			inputPaths = (
				"${PODS_PODFILE_DIR_PATH}/Podfile.lock",
				"${PODS_ROOT}/Manifest.lock",
			);
			name = "[CP] Check Pods Manifest.lock";
			outputPaths = (
				"$(DERIVED_FILE_DIR)/Pods-VTalk-checkManifestLockResult.txt",
			);
			runOnlyForDeploymentPostprocessing = 0;
			shellPath = /bin/sh;
			shellScript = "diff \"${PODS_PODFILE_DIR_PATH}/Podfile.lock\" \"${PODS_ROOT}/Manifest.lock\" > /dev/null\nif [ $? != 0 ] ; then\n    # print error to STDERR\n    echo \"error: The sandbox is not in sync with the Podfile.lock. Run 'pod install' or update your CocoaPods installation.\" >&2\n    exit 1\nfi\n# This output is used by Xcode 'outputs' to avoid re-running this script phase.\necho \"SUCCESS\" > \"${SCRIPT_OUTPUT_FILE_0}\"\n";
			showEnvVarsInLog = 0;
		};
		FD9AB5B093458A1F2584ADE4 /* [CP] Embed Pods Frameworks */ = {
			isa = PBXShellScriptBuildPhase;
			buildActionMask = 2147483647;
			files = (
			);
			inputPaths = (
				"${SRCROOT}/Pods/Target Support Files/Pods-VTalk/Pods-VTalk-frameworks.sh",
				"${BUILT_PRODUCTS_DIR}/GTMSessionFetcher/GTMSessionFetcher.framework",
				"${BUILT_PRODUCTS_DIR}/GoogleToolboxForMac/GoogleToolboxForMac.framework",
				"${BUILT_PRODUCTS_DIR}/Protobuf/Protobuf.framework",
				"${BUILT_PRODUCTS_DIR}/SnapKit/SnapKit.framework",
				"${BUILT_PRODUCTS_DIR}/TextFieldEffects/TextFieldEffects.framework",
				"${BUILT_PRODUCTS_DIR}/leveldb-library/leveldb.framework",
				"${BUILT_PRODUCTS_DIR}/nanopb/nanopb.framework",
			);
			name = "[CP] Embed Pods Frameworks";
			outputPaths = (
				"${TARGET_BUILD_DIR}/${FRAMEWORKS_FOLDER_PATH}/GTMSessionFetcher.framework",
				"${TARGET_BUILD_DIR}/${FRAMEWORKS_FOLDER_PATH}/GoogleToolboxForMac.framework",
				"${TARGET_BUILD_DIR}/${FRAMEWORKS_FOLDER_PATH}/Protobuf.framework",
				"${TARGET_BUILD_DIR}/${FRAMEWORKS_FOLDER_PATH}/SnapKit.framework",
				"${TARGET_BUILD_DIR}/${FRAMEWORKS_FOLDER_PATH}/TextFieldEffects.framework",
				"${TARGET_BUILD_DIR}/${FRAMEWORKS_FOLDER_PATH}/leveldb.framework",
				"${TARGET_BUILD_DIR}/${FRAMEWORKS_FOLDER_PATH}/nanopb.framework",
			);
			runOnlyForDeploymentPostprocessing = 0;
			shellPath = /bin/sh;
			shellScript = "\"${SRCROOT}/Pods/Target Support Files/Pods-VTalk/Pods-VTalk-frameworks.sh\"\n";
			showEnvVarsInLog = 0;
		};
/* End PBXShellScriptBuildPhase section */

/* Begin PBXSourcesBuildPhase section */
		0AFAED2A1FFE05380036689B /* Sources */ = {
			isa = PBXSourcesBuildPhase;
			buildActionMask = 2147483647;
			files = (
				0AFAED481FFE16720036689B /* LoginViewController.swift in Sources */,
				0AFAED341FFE05380036689B /* ViewController.swift in Sources */,
				0AFAED4A1FFEAA470036689B /* SignupViewController.swift in Sources */,
				0AFAED321FFE05380036689B /* AppDelegate.swift in Sources */,
			);
			runOnlyForDeploymentPostprocessing = 0;
		};
/* End PBXSourcesBuildPhase section */

/* Begin PBXVariantGroup section */
		0AFAED351FFE05380036689B /* Main.storyboard */ = {
			isa = PBXVariantGroup;
			children = (
				0AFAED361FFE05380036689B /* Base */,
			);
			name = Main.storyboard;
			sourceTree = "<group>";
		};
		0AFAED3A1FFE05380036689B /* LaunchScreen.storyboard */ = {
			isa = PBXVariantGroup;
			children = (
				0AFAED3B1FFE05380036689B /* Base */,
			);
			name = LaunchScreen.storyboard;
			sourceTree = "<group>";
		};
/* End PBXVariantGroup section */

/* Begin XCBuildConfiguration section */
		0AFAED3E1FFE05380036689B /* Debug */ = {
			isa = XCBuildConfiguration;
			buildSettings = {
				ALWAYS_SEARCH_USER_PATHS = NO;
				CLANG_ANALYZER_NONNULL = YES;
				CLANG_ANALYZER_NUMBER_OBJECT_CONVERSION = YES_AGGRESSIVE;
				CLANG_CXX_LANGUAGE_STANDARD = "gnu++14";
				CLANG_CXX_LIBRARY = "libc++";
				CLANG_ENABLE_MODULES = YES;
				CLANG_ENABLE_OBJC_ARC = YES;
				CLANG_WARN_BLOCK_CAPTURE_AUTORELEASING = YES;
				CLANG_WARN_BOOL_CONVERSION = YES;
				CLANG_WARN_COMMA = YES;
				CLANG_WARN_CONSTANT_CONVERSION = YES;
				CLANG_WARN_DIRECT_OBJC_ISA_USAGE = YES_ERROR;
				CLANG_WARN_DOCUMENTATION_COMMENTS = YES;
				CLANG_WARN_EMPTY_BODY = YES;
				CLANG_WARN_ENUM_CONVERSION = YES;
				CLANG_WARN_INFINITE_RECURSION = YES;
				CLANG_WARN_INT_CONVERSION = YES;
				CLANG_WARN_NON_LITERAL_NULL_CONVERSION = YES;
				CLANG_WARN_OBJC_LITERAL_CONVERSION = YES;
				CLANG_WARN_OBJC_ROOT_CLASS = YES_ERROR;
				CLANG_WARN_RANGE_LOOP_ANALYSIS = YES;
				CLANG_WARN_STRICT_PROTOTYPES = YES;
				CLANG_WARN_SUSPICIOUS_MOVE = YES;
				CLANG_WARN_UNGUARDED_AVAILABILITY = YES_AGGRESSIVE;
				CLANG_WARN_UNREACHABLE_CODE = YES;
				CLANG_WARN__DUPLICATE_METHOD_MATCH = YES;
				CODE_SIGN_IDENTITY = "iPhone Developer";
				COPY_PHASE_STRIP = NO;
				DEBUG_INFORMATION_FORMAT = dwarf;
				ENABLE_STRICT_OBJC_MSGSEND = YES;
				ENABLE_TESTABILITY = YES;
				GCC_C_LANGUAGE_STANDARD = gnu11;
				GCC_DYNAMIC_NO_PIC = NO;
				GCC_NO_COMMON_BLOCKS = YES;
				GCC_OPTIMIZATION_LEVEL = 0;
				GCC_PREPROCESSOR_DEFINITIONS = (
					"DEBUG=1",
					"$(inherited)",
				);
				GCC_WARN_64_TO_32_BIT_CONVERSION = YES;
				GCC_WARN_ABOUT_RETURN_TYPE = YES_ERROR;
				GCC_WARN_UNDECLARED_SELECTOR = YES;
				GCC_WARN_UNINITIALIZED_AUTOS = YES_AGGRESSIVE;
				GCC_WARN_UNUSED_FUNCTION = YES;
				GCC_WARN_UNUSED_VARIABLE = YES;
				IPHONEOS_DEPLOYMENT_TARGET = 11.2;
				MTL_ENABLE_DEBUG_INFO = YES;
				ONLY_ACTIVE_ARCH = YES;
				SDKROOT = iphoneos;
				SWIFT_ACTIVE_COMPILATION_CONDITIONS = DEBUG;
				SWIFT_OPTIMIZATION_LEVEL = "-Onone";
			};
			name = Debug;
		};
		0AFAED3F1FFE05380036689B /* Release */ = {
			isa = XCBuildConfiguration;
			buildSettings = {
				ALWAYS_SEARCH_USER_PATHS = NO;
				CLANG_ANALYZER_NONNULL = YES;
				CLANG_ANALYZER_NUMBER_OBJECT_CONVERSION = YES_AGGRESSIVE;
				CLANG_CXX_LANGUAGE_STANDARD = "gnu++14";
				CLANG_CXX_LIBRARY = "libc++";
				CLANG_ENABLE_MODULES = YES;
				CLANG_ENABLE_OBJC_ARC = YES;
				CLANG_WARN_BLOCK_CAPTURE_AUTORELEASING = YES;
				CLANG_WARN_BOOL_CONVERSION = YES;
				CLANG_WARN_COMMA = YES;
				CLANG_WARN_CONSTANT_CONVERSION = YES;
				CLANG_WARN_DIRECT_OBJC_ISA_USAGE = YES_ERROR;
				CLANG_WARN_DOCUMENTATION_COMMENTS = YES;
				CLANG_WARN_EMPTY_BODY = YES;
				CLANG_WARN_ENUM_CONVERSION = YES;
				CLANG_WARN_INFINITE_RECURSION = YES;
				CLANG_WARN_INT_CONVERSION = YES;
				CLANG_WARN_NON_LITERAL_NULL_CONVERSION = YES;
				CLANG_WARN_OBJC_LITERAL_CONVERSION = YES;
				CLANG_WARN_OBJC_ROOT_CLASS = YES_ERROR;
				CLANG_WARN_RANGE_LOOP_ANALYSIS = YES;
				CLANG_WARN_STRICT_PROTOTYPES = YES;
				CLANG_WARN_SUSPICIOUS_MOVE = YES;
				CLANG_WARN_UNGUARDED_AVAILABILITY = YES_AGGRESSIVE;
				CLANG_WARN_UNREACHABLE_CODE = YES;
				CLANG_WARN__DUPLICATE_METHOD_MATCH = YES;
				CODE_SIGN_IDENTITY = "iPhone Developer";
				COPY_PHASE_STRIP = NO;
				DEBUG_INFORMATION_FORMAT = "dwarf-with-dsym";
				ENABLE_NS_ASSERTIONS = NO;
				ENABLE_STRICT_OBJC_MSGSEND = YES;
				GCC_C_LANGUAGE_STANDARD = gnu11;
				GCC_NO_COMMON_BLOCKS = YES;
				GCC_WARN_64_TO_32_BIT_CONVERSION = YES;
				GCC_WARN_ABOUT_RETURN_TYPE = YES_ERROR;
				GCC_WARN_UNDECLARED_SELECTOR = YES;
				GCC_WARN_UNINITIALIZED_AUTOS = YES_AGGRESSIVE;
				GCC_WARN_UNUSED_FUNCTION = YES;
				GCC_WARN_UNUSED_VARIABLE = YES;
				IPHONEOS_DEPLOYMENT_TARGET = 11.2;
				MTL_ENABLE_DEBUG_INFO = NO;
				SDKROOT = iphoneos;
				SWIFT_OPTIMIZATION_LEVEL = "-Owholemodule";
				VALIDATE_PRODUCT = YES;
			};
			name = Release;
		};
		0AFAED411FFE05380036689B /* Debug */ = {
			isa = XCBuildConfiguration;
			baseConfigurationReference = 01502F4EEBF11859B7F28F83 /* Pods-VTalk.debug.xcconfig */;
			buildSettings = {
				ASSETCATALOG_COMPILER_APPICON_NAME = AppIcon;
				CODE_SIGN_STYLE = Automatic;
				DEVELOPMENT_TEAM = 7TC68SRVQT;
				INFOPLIST_FILE = VTalk/Info.plist;
				LD_RUNPATH_SEARCH_PATHS = "$(inherited) @executable_path/Frameworks";
				PRODUCT_BUNDLE_IDENTIFIER = hyoungsun.VTalk;
				PRODUCT_NAME = "$(TARGET_NAME)";
				SWIFT_VERSION = 4.0;
				TARGETED_DEVICE_FAMILY = "1,2";
			};
			name = Debug;
		};
		0AFAED421FFE05380036689B /* Release */ = {
			isa = XCBuildConfiguration;
			baseConfigurationReference = AB3B16EB0EF9F6B51B082116 /* Pods-VTalk.release.xcconfig */;
			buildSettings = {
				ASSETCATALOG_COMPILER_APPICON_NAME = AppIcon;
				CODE_SIGN_STYLE = Automatic;
				DEVELOPMENT_TEAM = 7TC68SRVQT;
				INFOPLIST_FILE = VTalk/Info.plist;
				LD_RUNPATH_SEARCH_PATHS = "$(inherited) @executable_path/Frameworks";
				PRODUCT_BUNDLE_IDENTIFIER = hyoungsun.VTalk;
				PRODUCT_NAME = "$(TARGET_NAME)";
				SWIFT_VERSION = 4.0;
				TARGETED_DEVICE_FAMILY = "1,2";
			};
			name = Release;
		};
/* End XCBuildConfiguration section */

/* Begin XCConfigurationList section */
		0AFAED291FFE05380036689B /* Build configuration list for PBXProject "VTalk" */ = {
			isa = XCConfigurationList;
			buildConfigurations = (
				0AFAED3E1FFE05380036689B /* Debug */,
				0AFAED3F1FFE05380036689B /* Release */,
			);
			defaultConfigurationIsVisible = 0;
			defaultConfigurationName = Release;
		};
		0AFAED401FFE05380036689B /* Build configuration list for PBXNativeTarget "VTalk" */ = {
			isa = XCConfigurationList;
			buildConfigurations = (
				0AFAED411FFE05380036689B /* Debug */,
				0AFAED421FFE05380036689B /* Release */,
			);
			defaultConfigurationIsVisible = 0;
			defaultConfigurationName = Release;
		};
/* End XCConfigurationList section */
	};
	rootObject = 0AFAED261FFE05380036689B /* Project object */;
}
